// !$*UTF8*$!
{
	archiveVersion = 1;
	classes = {
	};
	objectVersion = 46;
	objects = {

/* Begin PBXBuildFile section */
		323A362B2284B7F300BFC71B /* main.m in Sources */ = {isa = PBXBuildFile; fileRef = 323A362A2284B7F300BFC71B /* main.m */; };
		323A362E2284B7F300BFC71B /* AppDelegate.m in Sources */ = {isa = PBXBuildFile; fileRef = 323A362D2284B7F300BFC71B /* AppDelegate.m */; };
		323A36312284B7F300BFC71B /* ViewController.m in Sources */ = {isa = PBXBuildFile; fileRef = 323A36302284B7F300BFC71B /* ViewController.m */; };
		323A36342284B7F300BFC71B /* Main.storyboard in Resources */ = {isa = PBXBuildFile; fileRef = 323A36322284B7F300BFC71B /* Main.storyboard */; };
		323A36372284B7F300BFC71B /* cameraios.xcdatamodeld in Sources */ = {isa = PBXBuildFile; fileRef = 323A36352284B7F300BFC71B /* cameraios.xcdatamodeld */; };
		323A36392284B7F300BFC71B /* Assets.xcassets in Resources */ = {isa = PBXBuildFile; fileRef = 323A36382284B7F300BFC71B /* Assets.xcassets */; };
		323A363C2284B7F300BFC71B /* LaunchScreen.storyboard in Resources */ = {isa = PBXBuildFile; fileRef = 323A363A2284B7F300BFC71B /* LaunchScreen.storyboard */; };
		323A36472284B7F300BFC71B /* cameraiosTests.m in Sources */ = {isa = PBXBuildFile; fileRef = 323A36462284B7F300BFC71B /* cameraiosTests.m */; };
		323A36522284B7F300BFC71B /* cameraiosUITests.m in Sources */ = {isa = PBXBuildFile; fileRef = 323A36512284B7F300BFC71B /* cameraiosUITests.m */; };
/* End PBXBuildFile section */

/* Begin PBXContainerItemProxy section */
		323A36432284B7F300BFC71B /* PBXContainerItemProxy */ = {
			isa = PBXContainerItemProxy;
			containerPortal = 323A361E2284B7F300BFC71B /* Project object */;
			proxyType = 1;
			remoteGlobalIDString = 323A36252284B7F300BFC71B;
			remoteInfo = cameraios;
		};
		323A364E2284B7F300BFC71B /* PBXContainerItemProxy */ = {
			isa = PBXContainerItemProxy;
			containerPortal = 323A361E2284B7F300BFC71B /* Project object */;
			proxyType = 1;
			remoteGlobalIDString = 323A36252284B7F300BFC71B;
			remoteInfo = cameraios;
		};
/* End PBXContainerItemProxy section */

/* Begin PBXFileReference section */
		323A36262284B7F300BFC71B /* cameraios.app */ = {isa = PBXFileReference; explicitFileType = wrapper.application; includeInIndex = 0; path = cameraios.app; sourceTree = BUILT_PRODUCTS_DIR; };
		323A362A2284B7F300BFC71B /* main.m */ = {isa = PBXFileReference; lastKnownFileType = sourcecode.c.objc; path = main.m; sourceTree = "<group>"; };
		323A362C2284B7F300BFC71B /* AppDelegate.h */ = {isa = PBXFileReference; lastKnownFileType = sourcecode.c.h; path = AppDelegate.h; sourceTree = "<group>"; };
		323A362D2284B7F300BFC71B /* AppDelegate.m */ = {isa = PBXFileReference; lastKnownFileType = sourcecode.c.objc; path = AppDelegate.m; sourceTree = "<group>"; };
		323A362F2284B7F300BFC71B /* ViewController.h */ = {isa = PBXFileReference; lastKnownFileType = sourcecode.c.h; path = ViewController.h; sourceTree = "<group>"; };
		323A36302284B7F300BFC71B /* ViewController.m */ = {isa = PBXFileReference; lastKnownFileType = sourcecode.c.objc; path = ViewController.m; sourceTree = "<group>"; };
		323A36332284B7F300BFC71B /* Base */ = {isa = PBXFileReference; lastKnownFileType = file.storyboard; name = Base; path = Base.lproj/Main.storyboard; sourceTree = "<group>"; };
		323A36362284B7F300BFC71B /* cameraios.xcdatamodel */ = {isa = PBXFileReference; lastKnownFileType = wrapper.xcdatamodel; path = cameraios.xcdatamodel; sourceTree = "<group>"; };
		323A36382284B7F300BFC71B /* Assets.xcassets */ = {isa = PBXFileReference; lastKnownFileType = folder.assetcatalog; path = Assets.xcassets; sourceTree = "<group>"; };
		323A363B2284B7F300BFC71B /* Base */ = {isa = PBXFileReference; lastKnownFileType = file.storyboard; name = Base; path = Base.lproj/LaunchScreen.storyboard; sourceTree = "<group>"; };
		323A363D2284B7F300BFC71B /* Info.plist */ = {isa = PBXFileReference; lastKnownFileType = text.plist.xml; path = Info.plist; sourceTree = "<group>"; };
		323A36422284B7F300BFC71B /* cameraiosTests.xctest */ = {isa = PBXFileReference; explicitFileType = wrapper.cfbundle; includeInIndex = 0; path = cameraiosTests.xctest; sourceTree = BUILT_PRODUCTS_DIR; };
		323A36462284B7F300BFC71B /* cameraiosTests.m */ = {isa = PBXFileReference; lastKnownFileType = sourcecode.c.objc; path = cameraiosTests.m; sourceTree = "<group>"; };
		323A36482284B7F300BFC71B /* Info.plist */ = {isa = PBXFileReference; lastKnownFileType = text.plist.xml; path = Info.plist; sourceTree = "<group>"; };
		323A364D2284B7F300BFC71B /* cameraiosUITests.xctest */ = {isa = PBXFileReference; explicitFileType = wrapper.cfbundle; includeInIndex = 0; path = cameraiosUITests.xctest; sourceTree = BUILT_PRODUCTS_DIR; };
		323A36512284B7F300BFC71B /* cameraiosUITests.m */ = {isa = PBXFileReference; lastKnownFileType = sourcecode.c.objc; path = cameraiosUITests.m; sourceTree = "<group>"; };
		323A36532284B7F300BFC71B /* Info.plist */ = {isa = PBXFileReference; lastKnownFileType = text.plist.xml; path = Info.plist; sourceTree = "<group>"; };
/* End PBXFileReference section */

/* Begin PBXFrameworksBuildPhase section */
		323A36232284B7F300BFC71B /* Frameworks */ = {
			isa = PBXFrameworksBuildPhase;
			buildActionMask = 2147483647;
			files = (
			);
			runOnlyForDeploymentPostprocessing = 0;
		};
		323A363F2284B7F300BFC71B /* Frameworks */ = {
			isa = PBXFrameworksBuildPhase;
			buildActionMask = 2147483647;
			files = (
			);
			runOnlyForDeploymentPostprocessing = 0;
		};
		323A364A2284B7F300BFC71B /* Frameworks */ = {
			isa = PBXFrameworksBuildPhase;
			buildActionMask = 2147483647;
			files = (
			);
			runOnlyForDeploymentPostprocessing = 0;
		};
/* End PBXFrameworksBuildPhase section */

/* Begin PBXGroup section */
		323A361D2284B7F300BFC71B = {
			isa = PBXGroup;
			children = (
				323A36282284B7F300BFC71B /* cameraios */,
				323A36452284B7F300BFC71B /* cameraiosTests */,
				323A36502284B7F300BFC71B /* cameraiosUITests */,
				323A36272284B7F300BFC71B /* Products */,
			);
			sourceTree = "<group>";
		};
		323A36272284B7F300BFC71B /* Products */ = {
			isa = PBXGroup;
			children = (
				323A36262284B7F300BFC71B /* cameraios.app */,
				323A36422284B7F300BFC71B /* cameraiosTests.xctest */,
				323A364D2284B7F300BFC71B /* cameraiosUITests.xctest */,
			);
			name = Products;
			sourceTree = "<group>";
		};
		323A36282284B7F300BFC71B /* cameraios */ = {
			isa = PBXGroup;
			children = (
				323A362C2284B7F300BFC71B /* AppDelegate.h */,
				323A362D2284B7F300BFC71B /* AppDelegate.m */,
				323A362F2284B7F300BFC71B /* ViewController.h */,
				323A36302284B7F300BFC71B /* ViewController.m */,
				323A36322284B7F300BFC71B /* Main.storyboard */,
				323A36382284B7F300BFC71B /* Assets.xcassets */,
				323A363A2284B7F300BFC71B /* LaunchScreen.storyboard */,
				323A363D2284B7F300BFC71B /* Info.plist */,
				323A36352284B7F300BFC71B /* cameraios.xcdatamodeld */,
				323A36292284B7F300BFC71B /* Supporting Files */,
			);
			path = cameraios;
			sourceTree = "<group>";
		};
		323A36292284B7F300BFC71B /* Supporting Files */ = {
			isa = PBXGroup;
			children = (
				323A362A2284B7F300BFC71B /* main.m */,
			);
			name = "Supporting Files";
			sourceTree = "<group>";
		};
		323A36452284B7F300BFC71B /* cameraiosTests */ = {
			isa = PBXGroup;
			children = (
				323A36462284B7F300BFC71B /* cameraiosTests.m */,
				323A36482284B7F300BFC71B /* Info.plist */,
			);
			path = cameraiosTests;
			sourceTree = "<group>";
		};
		323A36502284B7F300BFC71B /* cameraiosUITests */ = {
			isa = PBXGroup;
			children = (
				323A36512284B7F300BFC71B /* cameraiosUITests.m */,
				323A36532284B7F300BFC71B /* Info.plist */,
			);
			path = cameraiosUITests;
			sourceTree = "<group>";
		};
/* End PBXGroup section */

/* Begin PBXNativeTarget section */
		323A36252284B7F300BFC71B /* cameraios */ = {
			isa = PBXNativeTarget;
			buildConfigurationList = 323A36562284B7F300BFC71B /* Build configuration list for PBXNativeTarget "cameraios" */;
			buildPhases = (
				323A36222284B7F300BFC71B /* Sources */,
				323A36232284B7F300BFC71B /* Frameworks */,
				323A36242284B7F300BFC71B /* Resources */,
			);
			buildRules = (
			);
			dependencies = (
			);
			name = cameraios;
			productName = cameraios;
			productReference = 323A36262284B7F300BFC71B /* cameraios.app */;
			productType = "com.apple.product-type.application";
		};
		323A36412284B7F300BFC71B /* cameraiosTests */ = {
			isa = PBXNativeTarget;
			buildConfigurationList = 323A36592284B7F300BFC71B /* Build configuration list for PBXNativeTarget "cameraiosTests" */;
			buildPhases = (
				323A363E2284B7F300BFC71B /* Sources */,
				323A363F2284B7F300BFC71B /* Frameworks */,
				323A36402284B7F300BFC71B /* Resources */,
			);
			buildRules = (
			);
			dependencies = (
				323A36442284B7F300BFC71B /* PBXTargetDependency */,
			);
			name = cameraiosTests;
			productName = cameraiosTests;
			productReference = 323A36422284B7F300BFC71B /* cameraiosTests.xctest */;
			productType = "com.apple.product-type.bundle.unit-test";
		};
		323A364C2284B7F300BFC71B /* cameraiosUITests */ = {
			isa = PBXNativeTarget;
			buildConfigurationList = 323A365C2284B7F300BFC71B /* Build configuration list for PBXNativeTarget "cameraiosUITests" */;
			buildPhases = (
				323A36492284B7F300BFC71B /* Sources */,
				323A364A2284B7F300BFC71B /* Frameworks */,
				323A364B2284B7F300BFC71B /* Resources */,
			);
			buildRules = (
			);
			dependencies = (
				323A364F2284B7F300BFC71B /* PBXTargetDependency */,
			);
			name = cameraiosUITests;
			productName = cameraiosUITests;
			productReference = 323A364D2284B7F300BFC71B /* cameraiosUITests.xctest */;
			productType = "com.apple.product-type.bundle.ui-testing";
		};
/* End PBXNativeTarget section */

/* Begin PBXProject section */
		323A361E2284B7F300BFC71B /* Project object */ = {
			isa = PBXProject;
			attributes = {
				LastUpgradeCheck = 0830;
				ORGANIZATIONNAME = "Meiling Li";
				TargetAttributes = {
					323A36252284B7F300BFC71B = {
						CreatedOnToolsVersion = 8.3.3;
						ProvisioningStyle = Automatic;
					};
					323A36412284B7F300BFC71B = {
						CreatedOnToolsVersion = 8.3.3;
						ProvisioningStyle = Automatic;
						TestTargetID = 323A36252284B7F300BFC71B;
					};
					323A364C2284B7F300BFC71B = {
						CreatedOnToolsVersion = 8.3.3;
						ProvisioningStyle = Automatic;
						TestTargetID = 323A36252284B7F300BFC71B;
					};
				};
			};
			buildConfigurationList = 323A36212284B7F300BFC71B /* Build configuration list for PBXProject "cameraios" */;
			compatibilityVersion = "Xcode 3.2";
			developmentRegion = English;
			hasScannedForEncodings = 0;
			knownRegions = (
				en,
				Base,
			);
			mainGroup = 323A361D2284B7F300BFC71B;
			productRefGroup = 323A36272284B7F300BFC71B /* Products */;
			projectDirPath = "";
			projectRoot = "";
			targets = (
				323A36252284B7F300BFC71B /* cameraios */,
				323A36412284B7F300BFC71B /* cameraiosTests */,
				323A364C2284B7F300BFC71B /* cameraiosUITests */,
			);
		};
/* End PBXProject section */

/* Begin PBXResourcesBuildPhase section */
		323A36242284B7F300BFC71B /* Resources */ = {
			isa = PBXResourcesBuildPhase;
			buildActionMask = 2147483647;
			files = (
				323A363C2284B7F300BFC71B /* LaunchScreen.storyboard in Resources */,
				323A36392284B7F300BFC71B /* Assets.xcassets in Resources */,
				323A36342284B7F300BFC71B /* Main.storyboard in Resources */,
			);
			runOnlyForDeploymentPostprocessing = 0;
		};
		323A36402284B7F300BFC71B /* Resources */ = {
			isa = PBXResourcesBuildPhase;
			buildActionMask = 2147483647;
			files = (
			);
			runOnlyForDeploymentPostprocessing = 0;
		};
		323A364B2284B7F300BFC71B /* Resources */ = {
			isa = PBXResourcesBuildPhase;
			buildActionMask = 2147483647;
			files = (
			);
			runOnlyForDeploymentPostprocessing = 0;
		};
/* End PBXResourcesBuildPhase section */

/* Begin PBXSourcesBuildPhase section */
		323A36222284B7F300BFC71B /* Sources */ = {
			isa = PBXSourcesBuildPhase;
			buildActionMask = 2147483647;
			files = (
				323A36312284B7F300BFC71B /* ViewController.m in Sources */,
				323A362E2284B7F300BFC71B /* AppDelegate.m in Sources */,
				323A36372284B7F300BFC71B /* cameraios.xcdatamodeld in Sources */,
				323A362B2284B7F300BFC71B /* main.m in Sources */,
			);
			runOnlyForDeploymentPostprocessing = 0;
		};
		323A363E2284B7F300BFC71B /* Sources */ = {
			isa = PBXSourcesBuildPhase;
			buildActionMask = 2147483647;
			files = (
				323A36472284B7F300BFC71B /* cameraiosTests.m in Sources */,
			);
			runOnlyForDeploymentPostprocessing = 0;
		};
		323A36492284B7F300BFC71B /* Sources */ = {
			isa = PBXSourcesBuildPhase;
			buildActionMask = 2147483647;
			files = (
				323A36522284B7F300BFC71B /* cameraiosUITests.m in Sources */,
			);
			runOnlyForDeploymentPostprocessing = 0;
		};
/* End PBXSourcesBuildPhase section */

/* Begin PBXTargetDependency section */
		323A36442284B7F300BFC71B /* PBXTargetDependency */ = {
			isa = PBXTargetDependency;
			target = 323A36252284B7F300BFC71B /* cameraios */;
			targetProxy = 323A36432284B7F300BFC71B /* PBXContainerItemProxy */;
		};
		323A364F2284B7F300BFC71B /* PBXTargetDependency */ = {
			isa = PBXTargetDependency;
			target = 323A36252284B7F300BFC71B /* cameraios */;
			targetProxy = 323A364E2284B7F300BFC71B /* PBXContainerItemProxy */;
		};
/* End PBXTargetDependency section */

/* Begin PBXVariantGroup section */
		323A36322284B7F300BFC71B /* Main.storyboard */ = {
			isa = PBXVariantGroup;
			children = (
				323A36332284B7F300BFC71B /* Base */,
			);
			name = Main.storyboard;
			sourceTree = "<group>";
		};
		323A363A2284B7F300BFC71B /* LaunchScreen.storyboard */ = {
			isa = PBXVariantGroup;
			children = (
				323A363B2284B7F300BFC71B /* Base */,
			);
			name = LaunchScreen.storyboard;
			sourceTree = "<group>";
		};
/* End PBXVariantGroup section */

/* Begin XCBuildConfiguration section */
		323A36542284B7F300BFC71B /* Debug */ = {
			isa = XCBuildConfiguration;
			buildSettings = {
				ALWAYS_SEARCH_USER_PATHS = NO;
				CLANG_ANALYZER_NONNULL = YES;
				CLANG_ANALYZER_NUMBER_OBJECT_CONVERSION = YES_AGGRESSIVE;
				CLANG_CXX_LANGUAGE_STANDARD = "gnu++0x";
				CLANG_CXX_LIBRARY = "libc++";
				CLANG_ENABLE_MODULES = YES;
				CLANG_ENABLE_OBJC_ARC = YES;
				CLANG_WARN_BOOL_CONVERSION = YES;
				CLANG_WARN_CONSTANT_CONVERSION = YES;
				CLANG_WARN_DIRECT_OBJC_ISA_USAGE = YES_ERROR;
				CLANG_WARN_DOCUMENTATION_COMMENTS = YES;
				CLANG_WARN_EMPTY_BODY = YES;
				CLANG_WARN_ENUM_CONVERSION = YES;
				CLANG_WARN_INFINITE_RECURSION = YES;
				CLANG_WARN_INT_CONVERSION = YES;
				CLANG_WARN_OBJC_ROOT_CLASS = YES_ERROR;
				CLANG_WARN_SUSPICIOUS_MOVE = YES;
				CLANG_WARN_UNREACHABLE_CODE = YES;
				CLANG_WARN__DUPLICATE_METHOD_MATCH = YES;
				"CODE_SIGN_IDENTITY[sdk=iphoneos*]" = "iPhone Developer";
				COPY_PHASE_STRIP = NO;
				DEBUG_INFORMATION_FORMAT = dwarf;
				ENABLE_STRICT_OBJC_MSGSEND = YES;
				ENABLE_TESTABILITY = YES;
				GCC_C_LANGUAGE_STANDARD = gnu99;
				GCC_DYNAMIC_NO_PIC = NO;
				GCC_NO_COMMON_BLOCKS = YES;
				GCC_OPTIMIZATION_LEVEL = 0;
				GCC_PREPROCESSOR_DEFINITIONS = (
					"DEBUG=1",
					"$(inherited)",
				);
				GCC_WARN_64_TO_32_BIT_CONVERSION = YES;
				GCC_WARN_ABOUT_RETURN_TYPE = YES_ERROR;
				GCC_WARN_UNDECLARED_SELECTOR = YES;
				GCC_WARN_UNINITIALIZED_AUTOS = YES_AGGRESSIVE;
				GCC_WARN_UNUSED_FUNCTION = YES;
				GCC_WARN_UNUSED_VARIABLE = YES;
				IPHONEOS_DEPLOYMENT_TARGET = 10.3;
				MTL_ENABLE_DEBUG_INFO = YES;
				ONLY_ACTIVE_ARCH = YES;
				SDKROOT = iphoneos;
				TARGETED_DEVICE_FAMILY = "1,2";
			};
			name = Debug;
		};
		323A36552284B7F300BFC71B /* Release */ = {
			isa = XCBuildConfiguration;
			buildSettings = {
				ALWAYS_SEARCH_USER_PATHS = NO;
				CLANG_ANALYZER_NONNULL = YES;
				CLANG_ANALYZER_NUMBER_OBJECT_CONVERSION = YES_AGGRESSIVE;
				CLANG_CXX_LANGUAGE_STANDARD = "gnu++0x";
				CLANG_CXX_LIBRARY = "libc++";
				CLANG_ENABLE_MODULES = YES;
				CLANG_ENABLE_OBJC_ARC = YES;
				CLANG_WARN_BOOL_CONVERSION = YES;
				CLANG_WARN_CONSTANT_CONVERSION = YES;
				CLANG_WARN_DIRECT_OBJC_ISA_USAGE = YES_ERROR;
				CLANG_WARN_DOCUMENTATION_COMMENTS = YES;
				CLANG_WARN_EMPTY_BODY = YES;
				CLANG_WARN_ENUM_CONVERSION = YES;
				CLANG_WARN_INFINITE_RECURSION = YES;
				CLANG_WARN_INT_CONVERSION = YES;
				CLANG_WARN_OBJC_ROOT_CLASS = YES_ERROR;
				CLANG_WARN_SUSPICIOUS_MOVE = YES;
				CLANG_WARN_UNREACHABLE_CODE = YES;
				CLANG_WARN__DUPLICATE_METHOD_MATCH = YES;
				"CODE_SIGN_IDENTITY[sdk=iphoneos*]" = "iPhone Developer";
				COPY_PHASE_STRIP = NO;
				DEBUG_INFORMATION_FORMAT = "dwarf-with-dsym";
				ENABLE_NS_ASSERTIONS = NO;
				ENABLE_STRICT_OBJC_MSGSEND = YES;
				GCC_C_LANGUAGE_STANDARD = gnu99;
				GCC_NO_COMMON_BLOCKS = YES;
				GCC_WARN_64_TO_32_BIT_CONVERSION = YES;
				GCC_WARN_ABOUT_RETURN_TYPE = YES_ERROR;
				GCC_WARN_UNDECLARED_SELECTOR = YES;
				GCC_WARN_UNINITIALIZED_AUTOS = YES_AGGRESSIVE;
				GCC_WARN_UNUSED_FUNCTION = YES;
				GCC_WARN_UNUSED_VARIABLE = YES;
				IPHONEOS_DEPLOYMENT_TARGET = 10.3;
				MTL_ENABLE_DEBUG_INFO = NO;
				SDKROOT = iphoneos;
				TARGETED_DEVICE_FAMILY = "1,2";
				VALIDATE_PRODUCT = YES;
			};
			name = Release;
		};
		323A36572284B7F300BFC71B /* Debug */ = {
			isa = XCBuildConfiguration;
			buildSettings = {
				ASSETCATALOG_COMPILER_APPICON_NAME = AppIcon;
				INFOPLIST_FILE = cameraios/Info.plist;
				LD_RUNPATH_SEARCH_PATHS = "$(inherited) @executable_path/Frameworks";
				PRODUCT_BUNDLE_IDENTIFIER = com.MeilingLi.cameraios;
				PRODUCT_NAME = "$(TARGET_NAME)";
			};
			name = Debug;
		};
		323A36582284B7F300BFC71B /* Release */ = {
			isa = XCBuildConfiguration;
			buildSettings = {
				ASSETCATALOG_COMPILER_APPICON_NAME = AppIcon;
				INFOPLIST_FILE = cameraios/Info.plist;
				LD_RUNPATH_SEARCH_PATHS = "$(inherited) @executable_path/Frameworks";
				PRODUCT_BUNDLE_IDENTIFIER = com.MeilingLi.cameraios;
				PRODUCT_NAME = "$(TARGET_NAME)";
			};
			name = Release;
		};
		323A365A2284B7F300BFC71B /* Debug */ = {
			isa = XCBuildConfiguration;
			buildSettings = {
				BUNDLE_LOADER = "$(TEST_HOST)";
				INFOPLIST_FILE = cameraiosTests/Info.plist;
				LD_RUNPATH_SEARCH_PATHS = "$(inherited) @executable_path/Frameworks @loader_path/Frameworks";
				PRODUCT_BUNDLE_IDENTIFIER = com.MeilingLi.cameraiosTests;
				PRODUCT_NAME = "$(TARGET_NAME)";
				TEST_HOST = "$(BUILT_PRODUCTS_DIR)/cameraios.app/cameraios";
			};
			name = Debug;
		};
		323A365B2284B7F300BFC71B /* Release */ = {
			isa = XCBuildConfiguration;
			buildSettings = {
				BUNDLE_LOADER = "$(TEST_HOST)";
				INFOPLIST_FILE = cameraiosTests/Info.plist;
				LD_RUNPATH_SEARCH_PATHS = "$(inherited) @executable_path/Frameworks @loader_path/Frameworks";
				PRODUCT_BUNDLE_IDENTIFIER = com.MeilingLi.cameraiosTests;
				PRODUCT_NAME = "$(TARGET_NAME)";
				TEST_HOST = "$(BUILT_PRODUCTS_DIR)/cameraios.app/cameraios";
			};
			name = Release;
		};
		323A365D2284B7F300BFC71B /* Debug */ = {
			isa = XCBuildConfiguration;
			buildSettings = {
				INFOPLIST_FILE = cameraiosUITests/Info.plist;
				LD_RUNPATH_SEARCH_PATHS = "$(inherited) @executable_path/Frameworks @loader_path/Frameworks";
				PRODUCT_BUNDLE_IDENTIFIER = com.MeilingLi.cameraiosUITests;
				PRODUCT_NAME = "$(TARGET_NAME)";
				TEST_TARGET_NAME = cameraios;
			};
			name = Debug;
		};
		323A365E2284B7F300BFC71B /* Release */ = {
			isa = XCBuildConfiguration;
			buildSettings = {
				INFOPLIST_FILE = cameraiosUITests/Info.plist;
				LD_RUNPATH_SEARCH_PATHS = "$(inherited) @executable_path/Frameworks @loader_path/Frameworks";
				PRODUCT_BUNDLE_IDENTIFIER = com.MeilingLi.cameraiosUITests;
				PRODUCT_NAME = "$(TARGET_NAME)";
				TEST_TARGET_NAME = cameraios;
			};
			name = Release;
		};
/* End XCBuildConfiguration section */

/* Begin XCConfigurationList section */
		323A36212284B7F300BFC71B /* Build configuration list for PBXProject "cameraios" */ = {
			isa = XCConfigurationList;
			buildConfigurations = (
				323A36542284B7F300BFC71B /* Debug */,
				323A36552284B7F300BFC71B /* Release */,
			);
			defaultConfigurationIsVisible = 0;
			defaultConfigurationName = Release;
		};
		323A36562284B7F300BFC71B /* Build configuration list for PBXNativeTarget "cameraios" */ = {
			isa = XCConfigurationList;
			buildConfigurations = (
				323A36572284B7F300BFC71B /* Debug */,
				323A36582284B7F300BFC71B /* Release */,
			);
			defaultConfigurationIsVisible = 0;
		};
		323A36592284B7F300BFC71B /* Build configuration list for PBXNativeTarget "cameraiosTests" */ = {
			isa = XCConfigurationList;
			buildConfigurations = (
				323A365A2284B7F300BFC71B /* Debug */,
				323A365B2284B7F300BFC71B /* Release */,
			);
			defaultConfigurationIsVisible = 0;
		};
		323A365C2284B7F300BFC71B /* Build configuration list for PBXNativeTarget "cameraiosUITests" */ = {
			isa = XCConfigurationList;
			buildConfigurations = (
				323A365D2284B7F300BFC71B /* Debug */,
				323A365E2284B7F300BFC71B /* Release */,
			);
			defaultConfigurationIsVisible = 0;
		};
/* End XCConfigurationList section */

/* Begin XCVersionGroup section */
		323A36352284B7F300BFC71B /* cameraios.xcdatamodeld */ = {
			isa = XCVersionGroup;
			children = (
				323A36362284B7F300BFC71B /* cameraios.xcdatamodel */,
			);
			currentVersion = 323A36362284B7F300BFC71B /* cameraios.xcdatamodel */;
			path = cameraios.xcdatamodeld;
			sourceTree = "<group>";
			versionGroupType = wrapper.xcdatamodel;
		};
/* End XCVersionGroup section */
	};
	rootObject = 323A361E2284B7F300BFC71B /* Project object */;
}
